{
  "name": "3.8",
  "lockfileVersion": 2,
  "requires": true,
  "packages": {
    "": {
      "dependencies": {
        "types-registry": "^0.1.562"
      }
    },
    "node_modules/types-registry": {
      "version": "0.1.562",
      "resolved": "https://registry.npmjs.org/types-registry/-/types-registry-0.1.562.tgz",
      "integrity": "sha512-t/k2hc/jM40/lZ+Ac+XCLHywn5znjkWbibUrNy4Gf2TDP9E8/s7WvHGAas1FV/uynx0w8Nj7YYQpTY1j8jJHDg=="
    }
  },
  "dependencies": {
    "types-registry": {
      "version": "0.1.562",
      "resolved": "https://registry.npmjs.org/types-registry/-/types-registry-0.1.562.tgz",
      "integrity": "sha512-t/k2hc/jM40/lZ+Ac+XCLHywn5znjkWbibUrNy4Gf2TDP9E8/s7WvHGAas1FV/uynx0w8Nj7YYQpTY1j8jJHDg=="
    }
  }
}
